
Microsoft Visual Studio Solution File, Format Version 12.00
# Visual Studio Version 16
VisualStudioVersion = 16.0.30011.22
MinimumVisualStudioVersion = 10.0.40219.1
Project("{9A19103F-16F7-4668-BE54-9A1E7A4F7556}") = "GenMapper", "GenMapper.csproj", "{E22BE4B4-98CB-49F7-9CC1-17D803C2229F}"
EndProject
Global
	GlobalSection(SolutionConfigurationPlatforms) = preSolution
		Debug|Any CPU = Debug|Any CPU
		Debug|x86 = Debug|x86
		Release|Any CPU = Release|Any CPU
		Release|x86 = Release|x86
	EndGlobalSection
	GlobalSection(ProjectConfigurationPlatforms) = postSolution
		{E22BE4B4-98CB-49F7-9CC1-17D803C2229F}.Debug|Any CPU.ActiveCfg = Debug|Any CPU
		{E22BE4B4-98CB-49F7-9CC1-17D803C2229F}.Debug|Any CPU.Build.0 = Debug|Any CPU
		{E22BE4B4-98CB-49F7-9CC1-17D803C2229F}.Debug|x86.ActiveCfg = Debug|Any CPU
		{E22BE4B4-98CB-49F7-9CC1-17D803C2229F}.Debug|x86.Build.0 = Debug|Any CPU
		{E22BE4B4-98CB-49F7-9CC1-17D803C2229F}.Release|Any CPU.ActiveCfg = Release|Any CPU
		{E22BE4B4-98CB-49F7-9CC1-17D803C2229F}.Release|Any CPU.Build.0 = Release|Any CPU
		{E22BE4B4-98CB-49F7-9CC1-17D803C2229F}.Release|x86.ActiveCfg = Release|x86
		{E22BE4B4-98CB-49F7-9CC1-17D803C2229F}.Release|x86.Build.0 = Release|x86
	EndGlobalSection
	GlobalSection(SolutionProperties) = preSolution
		HideSolutionNode = FALSE
	EndGlobalSection
	GlobalSection(ExtensibilityGlobals) = postSolution
		SolutionGuid = {7267968E-F833-49B7-A46B-AE66660FFA3C}
	EndGlobalSection
EndGlobal
